<?xml version="1.0" encoding="utf-8"?>
<Project ToolsVersion="4.0" xmlns="http://schemas.microsoft.com/developer/msbuild/2003">
  <ItemGroup>
    <Filter Include="Source Files">
      <UniqueIdentifier>{4FC737F1-C7A5-4376-A066-2A32D752A2FF}</UniqueIdentifier>
      <Extensions>cpp;c;cc;cxx;def;odl;idl;hpj;bat;asm;asmx;*.h;*.hpp</Extensions>
    </Filter>
    <Filter Include="Source Files\planet">
      <UniqueIdentifier>{b105b514-808e-4baa-b395-afa4a10da8dc}</UniqueIdentifier>
    </Filter>
    <Filter Include="Source Files\bengine">
      <UniqueIdentifier>{077f5be5-6ade-4c8b-be39-11156b7a2035}</UniqueIdentifier>
    </Filter>
    <Filter Include="Source Files\components">
      <UniqueIdentifier>{372028f2-3254-4be6-9d38-8f464a434193}</UniqueIdentifier>
    </Filter>
    <Filter Include="Source Files\global_assets">
      <UniqueIdentifier>{06fecc59-134f-4101-b5cd-c21eab4c4827}</UniqueIdentifier>
    </Filter>
    <Filter Include="Source Files\planet\region">
      <UniqueIdentifier>{fa6e571b-d213-46e0-a851-a8826b872154}</UniqueIdentifier>
    </Filter>
    <Filter Include="Source Files\raws">
      <UniqueIdentifier>{126bd0be-b9ee-412f-9b26-ea7dd5a1b7f7}</UniqueIdentifier>
    </Filter>
    <Filter Include="Source Files\raws\defs">
      <UniqueIdentifier>{1f115643-441e-4542-8e50-40828ed5d283}</UniqueIdentifier>
    </Filter>
    <Filter Include="Source Files\components\helpers">
      <UniqueIdentifier>{adbb8d1a-08e5-4795-a0e3-0b754a1275c5}</UniqueIdentifier>
    </Filter>
    <Filter Include="Source Files\utils">
      <UniqueIdentifier>{01077ff4-20ae-4a9e-9054-7fdda6b3f92c}</UniqueIdentifier>
    </Filter>
    <Filter Include="Source Files\components\items">
      <UniqueIdentifier>{a1f505ab-45a5-459e-a728-48fac642de2f}</UniqueIdentifier>
    </Filter>
    <Filter Include="Source Files\components\ai_tags">
      <UniqueIdentifier>{b15ca7ed-6a9e-4890-bc7b-dbb2f086478b}</UniqueIdentifier>
    </Filter>
    <Filter Include="Source Files\components\buildings">
      <UniqueIdentifier>{ffb39594-f9ea-4f9c-9da7-2ef04bbd4414}</UniqueIdentifier>
    </Filter>
    <Filter Include="Source Files\components\farming">
      <UniqueIdentifier>{ee476a59-097e-4dc6-bae4-a0e8dea66bc1}</UniqueIdentifier>
    </Filter>
    <Filter Include="Source Files\components\item_tags">
      <UniqueIdentifier>{cb772f8b-e627-4fc6-a99c-93f196bfe43d}</UniqueIdentifier>
    </Filter>
    <Filter Include="Source Files\components\machinery">
      <UniqueIdentifier>{18dd3038-cc67-4427-be5f-cb73a9e6c2a9}</UniqueIdentifier>
    </Filter>
    <Filter Include="Source Files\components\mining">
      <UniqueIdentifier>{4c2ee486-7278-43f1-b755-6951fa8e0da8}</UniqueIdentifier>
    </Filter>
    <Filter Include="Source Files\systems">
      <UniqueIdentifier>{a8f1f5ef-b4b5-4f68-90c4-75f5790fa8e3}</UniqueIdentifier>
    </Filter>
    <Filter Include="Source Files\systems\helpers">
      <UniqueIdentifier>{19c839a8-7ca9-439c-91cb-1e96d5b33e01}</UniqueIdentifier>
    </Filter>
    <Filter Include="Source Files\systems\ai">
      <UniqueIdentifier>{11a2a60e-e5c9-4b0d-bc73-5bbbfaa4450f}</UniqueIdentifier>
    </Filter>
    <Filter Include="Source Files\systems\scheduler">
      <UniqueIdentifier>{a76e7074-86ea-4749-8bda-f53d894735b6}</UniqueIdentifier>
    </Filter>
    <Filter Include="Source Files\systems\overworld">
      <UniqueIdentifier>{d76a6135-5153-4385-9dd3-32519abc393d}</UniqueIdentifier>
    </Filter>
    <Filter Include="Source Files\systems\physics">
      <UniqueIdentifier>{fec886ef-9866-44e2-9444-a4c1e003038a}</UniqueIdentifier>
    </Filter>
    <Filter Include="Source Files\systems\damage">
      <UniqueIdentifier>{76a0b7fd-da0f-42b2-a954-bdb343155ac4}</UniqueIdentifier>
    </Filter>
    <Filter Include="Source Files\systems\ai\settler">
      <UniqueIdentifier>{e4ca9e34-64cb-496c-b0d0-107a4c51e40f}</UniqueIdentifier>
    </Filter>
    <Filter Include="Source Files\systems\power">
      <UniqueIdentifier>{e614f23d-50de-48f2-a14a-0500fb5ea50f}</UniqueIdentifier>
    </Filter>
    <Filter Include="Source Files\systems\io">
      <UniqueIdentifier>{3730eadc-9527-4946-b88f-7b6c6c92bc06}</UniqueIdentifier>
    </Filter>
    <Filter Include="Source Files\systems\gui">
      <UniqueIdentifier>{19067722-3783-4a26-b947-578f548d8caa}</UniqueIdentifier>
    </Filter>
    <Filter Include="Source Files\planet\builder">
      <UniqueIdentifier>{c95c6fdd-62de-4659-9000-955d2f745294}</UniqueIdentifier>
    </Filter>
    <Filter Include="Source Files\planet\builder\regions">
      <UniqueIdentifier>{70a525de-2a34-4aa6-a8aa-dbe3a73d05d6}</UniqueIdentifier>
    </Filter>
  </ItemGroup>
  <ItemGroup>
    <ClInclude Include="..\src\libnox.h">
      <Filter>Source Files</Filter>
    </ClInclude>
    <ClInclude Include="..\src\planet\constants.hpp">
      <Filter>Source Files\planet</Filter>
    </ClInclude>
    <ClInclude Include="..\src\planet\civilizations.hpp">
      <Filter>Source Files\planet</Filter>
    </ClInclude>
    <ClInclude Include="..\src\planet\history.hpp">
      <Filter>Source Files\planet</Filter>
    </ClInclude>
    <ClInclude Include="..\src\planet\indices.hpp">
      <Filter>Source Files\planet</Filter>
    </ClInclude>
    <ClInclude Include="..\src\planet\planet.hpp">
      <Filter>Source Files\planet</Filter>
    </ClInclude>
    <ClInclude Include="..\src\bengine\filesystem.hpp">
      <Filter>Source Files\bengine</Filter>
    </ClInclude>
    <ClInclude Include="..\src\components\species.hpp">
      <Filter>Source Files\components</Filter>
    </ClInclude>
    <ClInclude Include="..\src\bengine\color_t.hpp">
      <Filter>Source Files\bengine</Filter>
    </ClInclude>
    <ClInclude Include="..\src\global_assets\game_planet.hpp">
      <Filter>Source Files\global_assets</Filter>
    </ClInclude>
    <ClInclude Include="..\src\planet\region\region.hpp">
      <Filter>Source Files\planet\region</Filter>
    </ClInclude>
    <ClInclude Include="..\src\bengine\bitset.hpp">
      <Filter>Source Files\bengine</Filter>
    </ClInclude>
    <ClInclude Include="..\src\components\position.hpp">
      <Filter>Source Files\components</Filter>
    </ClInclude>
    <ClInclude Include="..\src\raws\defs\biome_type_t.hpp">
      <Filter>Source Files\raws\defs</Filter>
    </ClInclude>
    <ClInclude Include="..\src\raws\defs\building_def_t.hpp">
      <Filter>Source Files\raws\defs</Filter>
    </ClInclude>
    <ClInclude Include="..\src\raws\defs\civilization_t.hpp">
      <Filter>Source Files\raws\defs</Filter>
    </ClInclude>
    <ClInclude Include="..\src\raws\defs\clothing_t.hpp">
      <Filter>Source Files\raws\defs</Filter>
    </ClInclude>
    <ClInclude Include="..\src\raws\defs\item_def_t.hpp">
      <Filter>Source Files\raws\defs</Filter>
    </ClInclude>
    <ClInclude Include="..\src\raws\defs\life_event_template.hpp">
      <Filter>Source Files\raws\defs</Filter>
    </ClInclude>
    <ClInclude Include="..\src\raws\defs\material_def_t.hpp">
      <Filter>Source Files\raws\defs</Filter>
    </ClInclude>
    <ClInclude Include="..\src\raws\defs\plant_t.hpp">
      <Filter>Source Files\raws\defs</Filter>
    </ClInclude>
    <ClInclude Include="..\src\raws\defs\profession_t.hpp">
      <Filter>Source Files\raws\defs</Filter>
    </ClInclude>
    <ClInclude Include="..\src\raws\defs\raw_creature_t.hpp">
      <Filter>Source Files\raws\defs</Filter>
    </ClInclude>
    <ClInclude Include="..\src\raws\defs\reaction_t.hpp">
      <Filter>Source Files\raws\defs</Filter>
    </ClInclude>
    <ClInclude Include="..\src\raws\apihelper.hpp">
      <Filter>Source Files\raws</Filter>
    </ClInclude>
    <ClInclude Include="..\src\raws\biomes.hpp">
      <Filter>Source Files\raws</Filter>
    </ClInclude>
    <ClInclude Include="..\src\raws\buildings.hpp">
      <Filter>Source Files\raws</Filter>
    </ClInclude>
    <ClInclude Include="..\src\raws\clothing.hpp">
      <Filter>Source Files\raws</Filter>
    </ClInclude>
    <ClInclude Include="..\src\raws\creatures.hpp">
      <Filter>Source Files\raws</Filter>
    </ClInclude>
    <ClInclude Include="..\src\raws\graphviz.hpp">
      <Filter>Source Files\raws</Filter>
    </ClInclude>
    <ClInclude Include="..\src\raws\health_factory.hpp">
      <Filter>Source Files\raws</Filter>
    </ClInclude>
    <ClInclude Include="..\src\raws\items.hpp">
      <Filter>Source Files\raws</Filter>
    </ClInclude>
    <ClInclude Include="..\src\raws\life_events.hpp">
      <Filter>Source Files\raws</Filter>
    </ClInclude>
    <ClInclude Include="..\src\raws\lua_bridge.hpp">
      <Filter>Source Files\raws</Filter>
    </ClInclude>
    <ClInclude Include="..\src\raws\materials.hpp">
      <Filter>Source Files\raws</Filter>
    </ClInclude>
    <ClInclude Include="..\src\raws\plants.hpp">
      <Filter>Source Files\raws</Filter>
    </ClInclude>
    <ClInclude Include="..\src\raws\profession.hpp">
      <Filter>Source Files\raws</Filter>
    </ClInclude>
    <ClInclude Include="..\src\raws\raws.hpp">
      <Filter>Source Files\raws</Filter>
    </ClInclude>
    <ClInclude Include="..\src\raws\reaction_input.hpp">
      <Filter>Source Files\raws</Filter>
    </ClInclude>
    <ClInclude Include="..\src\raws\reactions.hpp">
      <Filter>Source Files\raws</Filter>
    </ClInclude>
    <ClInclude Include="..\src\raws\species.hpp">
      <Filter>Source Files\raws</Filter>
    </ClInclude>
    <ClInclude Include="..\src\raws\string_table.hpp">
      <Filter>Source Files\raws</Filter>
    </ClInclude>
    <ClInclude Include="..\src\bengine\serialization_utils.hpp">
      <Filter>Source Files\bengine</Filter>
    </ClInclude>
    <ClInclude Include="..\src\bengine\rexspeeder.hpp">
      <Filter>Source Files\bengine</Filter>
    </ClInclude>
    <ClInclude Include="..\src\components\health.hpp">
      <Filter>Source Files\components</Filter>
    </ClInclude>
    <ClInclude Include="..\src\bengine\random_number_generator.hpp">
      <Filter>Source Files\bengine</Filter>
    </ClInclude>
    <ClInclude Include="..\src\bengine\pcg_basic.h">
      <Filter>Source Files\bengine</Filter>
    </ClInclude>
    <ClInclude Include="..\src\components\helpers\health_part_t.hpp">
      <Filter>Source Files\components\helpers</Filter>
    </ClInclude>
    <ClInclude Include="..\src\global_assets\rng.hpp">
      <Filter>Source Files\global_assets</Filter>
    </ClInclude>
    <ClInclude Include="..\src\utils\system_log.hpp">
      <Filter>Source Files\utils</Filter>
    </ClInclude>
    <ClInclude Include="..\src\components\items\item_carried.hpp">
      <Filter>Source Files\components\items</Filter>
    </ClInclude>
    <ClInclude Include="..\src\components\helpers\building_designation_t.hpp">
      <Filter>Source Files\components\helpers</Filter>
    </ClInclude>
    <ClInclude Include="..\src\components\helpers\reaction_task_t.hpp">
      <Filter>Source Files\components\helpers</Filter>
    </ClInclude>
    <ClInclude Include="..\src\components\helpers\shift.hpp">
      <Filter>Source Files\components\helpers</Filter>
    </ClInclude>
    <ClInclude Include="..\src\components\helpers\skill_t.hpp">
      <Filter>Source Files\components\helpers</Filter>
    </ClInclude>
    <ClInclude Include="..\src\components\helpers\standing_orders.hpp">
      <Filter>Source Files\components\helpers</Filter>
    </ClInclude>
    <ClInclude Include="..\src\components\helpers\unbuild_t.hpp">
      <Filter>Source Files\components\helpers</Filter>
    </ClInclude>
    <ClInclude Include="..\src\components\items\item.hpp">
      <Filter>Source Files\components\items</Filter>
    </ClInclude>
    <ClInclude Include="..\src\components\items\item_creator.hpp">
      <Filter>Source Files\components\items</Filter>
    </ClInclude>
    <ClInclude Include="..\src\components\items\item_quality.hpp">
      <Filter>Source Files\components\items</Filter>
    </ClInclude>
    <ClInclude Include="..\src\components\items\item_stored.hpp">
      <Filter>Source Files\components\items</Filter>
    </ClInclude>
    <ClInclude Include="..\src\components\items\item_wear.hpp">
      <Filter>Source Files\components\items</Filter>
    </ClInclude>
    <ClInclude Include="..\src\components\ai_tags\ai_mode_idle.hpp">
      <Filter>Source Files\components\ai_tags</Filter>
    </ClInclude>
    <ClInclude Include="..\src\components\ai_tags\ai_settler_new_arrival.hpp">
      <Filter>Source Files\components\ai_tags</Filter>
    </ClInclude>
    <ClInclude Include="..\src\components\ai_tags\ai_tag_leisure_drink.hpp">
      <Filter>Source Files\components\ai_tags</Filter>
    </ClInclude>
    <ClInclude Include="..\src\components\ai_tags\ai_tag_leisure_eat.hpp">
      <Filter>Source Files\components\ai_tags</Filter>
    </ClInclude>
    <ClInclude Include="..\src\components\ai_tags\ai_tag_leisure_shift.hpp">
      <Filter>Source Files\components\ai_tags</Filter>
    </ClInclude>
    <ClInclude Include="..\src\components\ai_tags\ai_tag_my_turn.hpp">
      <Filter>Source Files\components\ai_tags</Filter>
    </ClInclude>
    <ClInclude Include="..\src\components\ai_tags\ai_tag_sleep_shift.hpp">
      <Filter>Source Files\components\ai_tags</Filter>
    </ClInclude>
    <ClInclude Include="..\src\components\ai_tags\ai_tag_work_architect.hpp">
      <Filter>Source Files\components\ai_tags</Filter>
    </ClInclude>
    <ClInclude Include="..\src\components\ai_tags\ai_tag_work_building.hpp">
      <Filter>Source Files\components\ai_tags</Filter>
    </ClInclude>
    <ClInclude Include="..\src\components\ai_tags\ai_tag_work_butcher.hpp">
      <Filter>Source Files\components\ai_tags</Filter>
    </ClInclude>
    <ClInclude Include="..\src\components\ai_tags\ai_tag_work_deconstruct.hpp">
      <Filter>Source Files\components\ai_tags</Filter>
    </ClInclude>
    <ClInclude Include="..\src\components\ai_tags\aI_tag_work_farm_clear.hpp">
      <Filter>Source Files\components\ai_tags</Filter>
    </ClInclude>
    <ClInclude Include="..\src\components\ai_tags\aI_tag_work_farm_fertilize.hpp">
      <Filter>Source Files\components\ai_tags</Filter>
    </ClInclude>
    <ClInclude Include="..\src\components\ai_tags\aI_tag_work_farm_fixsoil.hpp">
      <Filter>Source Files\components\ai_tags</Filter>
    </ClInclude>
    <ClInclude Include="..\src\components\ai_tags\ai_tag_work_farm_plant.hpp">
      <Filter>Source Files\components\ai_tags</Filter>
    </ClInclude>
    <ClInclude Include="..\src\components\ai_tags\ai_tag_work_farm_water.hpp">
      <Filter>Source Files\components\ai_tags</Filter>
    </ClInclude>
    <ClInclude Include="..\src\components\ai_tags\ai_tag_work_farm_weed.hpp">
      <Filter>Source Files\components\ai_tags</Filter>
    </ClInclude>
    <ClInclude Include="..\src\components\ai_tags\ai_tag_work_guarding.hpp">
      <Filter>Source Files\components\ai_tags</Filter>
    </ClInclude>
    <ClInclude Include="..\src\components\ai_tags\ai_tag_work_harvest.hpp">
      <Filter>Source Files\components\ai_tags</Filter>
    </ClInclude>
    <ClInclude Include="..\src\components\ai_tags\ai_tag_work_hunting.hpp">
      <Filter>Source Files\components\ai_tags</Filter>
    </ClInclude>
    <ClInclude Include="..\src\components\ai_tags\ai_tag_work_lumberjack.hpp">
      <Filter>Source Files\components\ai_tags</Filter>
    </ClInclude>
    <ClInclude Include="..\src\components\ai_tags\ai_tag_work_mining.hpp">
      <Filter>Source Files\components\ai_tags</Filter>
    </ClInclude>
    <ClInclude Include="..\src\components\ai_tags\ai_tag_work_order.hpp">
      <Filter>Source Files\components\ai_tags</Filter>
    </ClInclude>
    <ClInclude Include="..\src\components\ai_tags\ai_tag_work_pull_lever.hpp">
      <Filter>Source Files\components\ai_tags</Filter>
    </ClInclude>
    <ClInclude Include="..\src\components\ai_tags\ai_tag_work_shift.hpp">
      <Filter>Source Files\components\ai_tags</Filter>
    </ClInclude>
    <ClInclude Include="..\src\components\ai_tags\ai_tag_work_stockpiles.hpp">
      <Filter>Source Files\components\ai_tags</Filter>
    </ClInclude>
    <ClInclude Include="..\src\components\buildings\architecture_designations_t.hpp">
      <Filter>Source Files\components\buildings</Filter>
    </ClInclude>
    <ClInclude Include="..\src\components\buildings\bridge.hpp">
      <Filter>Source Files\components\buildings</Filter>
    </ClInclude>
    <ClInclude Include="..\src\components\buildings\building.hpp">
      <Filter>Source Files\components\buildings</Filter>
    </ClInclude>
    <ClInclude Include="..\src\components\buildings\building_designations_t.hpp">
      <Filter>Source Files\components\buildings</Filter>
    </ClInclude>
    <ClInclude Include="..\src\components\buildings\construct_container.hpp">
      <Filter>Source Files\components\buildings</Filter>
    </ClInclude>
    <ClInclude Include="..\src\components\buildings\construct_power.hpp">
      <Filter>Source Files\components\buildings</Filter>
    </ClInclude>
    <ClInclude Include="..\src\components\buildings\construct_provides_door.hpp">
      <Filter>Source Files\components\buildings</Filter>
    </ClInclude>
    <ClInclude Include="..\src\components\buildings\construct_provides_sleep.hpp">
      <Filter>Source Files\components\buildings</Filter>
    </ClInclude>
    <ClInclude Include="..\src\components\buildings\construct_provides_support.hpp">
      <Filter>Source Files\components\buildings</Filter>
    </ClInclude>
    <ClInclude Include="..\src\components\buildings\smoke_emitter.hpp">
      <Filter>Source Files\components\buildings</Filter>
    </ClInclude>
    <ClInclude Include="..\src\components\buildings\turret_t.hpp">
      <Filter>Source Files\components\buildings</Filter>
    </ClInclude>
    <ClInclude Include="..\src\components\farming\designated_farmer.hpp">
      <Filter>Source Files\components\farming</Filter>
    </ClInclude>
    <ClInclude Include="..\src\components\farming\designated_hunter.hpp">
      <Filter>Source Files\components\farming</Filter>
    </ClInclude>
    <ClInclude Include="..\src\components\farming\farm_designs.hpp">
      <Filter>Source Files\components\farming</Filter>
    </ClInclude>
    <ClInclude Include="..\src\components\item_tags\item_ammo_t.hpp">
      <Filter>Source Files\components\item_tags</Filter>
    </ClInclude>
    <ClInclude Include="..\src\components\item_tags\item_bone_t.hpp">
      <Filter>Source Files\components\item_tags</Filter>
    </ClInclude>
    <ClInclude Include="..\src\components\item_tags\item_chopping_t.hpp">
      <Filter>Source Files\components\item_tags</Filter>
    </ClInclude>
    <ClInclude Include="..\src\components\item_tags\item_digging_t.hpp">
      <Filter>Source Files\components\item_tags</Filter>
    </ClInclude>
    <ClInclude Include="..\src\components\item_tags\item_drink_t.hpp">
      <Filter>Source Files\components\item_tags</Filter>
    </ClInclude>
    <ClInclude Include="..\src\components\item_tags\item_farming.hpp">
      <Filter>Source Files\components\item_tags</Filter>
    </ClInclude>
    <ClInclude Include="..\src\components\item_tags\item_fertilizer_t.hpp">
      <Filter>Source Files\components\item_tags</Filter>
    </ClInclude>
    <ClInclude Include="..\src\components\item_tags\item_food_prepared_t.hpp">
      <Filter>Source Files\components\item_tags</Filter>
    </ClInclude>
    <ClInclude Include="..\src\components\item_tags\item_food_t.hpp">
      <Filter>Source Files\components\item_tags</Filter>
    </ClInclude>
    <ClInclude Include="..\src\components\item_tags\item_hide_t.hpp">
      <Filter>Source Files\components\item_tags</Filter>
    </ClInclude>
    <ClInclude Include="..\src\components\item_tags\item_leather_t.hpp">
      <Filter>Source Files\components\item_tags</Filter>
    </ClInclude>
    <ClInclude Include="..\src\components\item_tags\item_melee_t.hpp">
      <Filter>Source Files\components\item_tags</Filter>
    </ClInclude>
    <ClInclude Include="..\src\components\item_tags\item_ranged_t.hpp">
      <Filter>Source Files\components\item_tags</Filter>
    </ClInclude>
    <ClInclude Include="..\src\components\item_tags\item_seed_t.hpp">
      <Filter>Source Files\components\item_tags</Filter>
    </ClInclude>
    <ClInclude Include="..\src\components\item_tags\item_skull_t.hpp">
      <Filter>Source Files\components\item_tags</Filter>
    </ClInclude>
    <ClInclude Include="..\src\components\item_tags\item_spice_t.hpp">
      <Filter>Source Files\components\item_tags</Filter>
    </ClInclude>
    <ClInclude Include="..\src\components\item_tags\item_topsoil_t.hpp">
      <Filter>Source Files\components\item_tags</Filter>
    </ClInclude>
    <ClInclude Include="..\src\components\machinery\entry_trigger.hpp">
      <Filter>Source Files\components\machinery</Filter>
    </ClInclude>
    <ClInclude Include="..\src\components\machinery\float_gauge_t.hpp">
      <Filter>Source Files\components\machinery</Filter>
    </ClInclude>
    <ClInclude Include="..\src\components\machinery\lever.hpp">
      <Filter>Source Files\components\machinery</Filter>
    </ClInclude>
    <ClInclude Include="..\src\components\machinery\node_graph_position.hpp">
      <Filter>Source Files\components\machinery</Filter>
    </ClInclude>
    <ClInclude Include="..\src\components\machinery\oscillator_t.hpp">
      <Filter>Source Files\components\machinery</Filter>
    </ClInclude>
    <ClInclude Include="..\src\components\machinery\pressure_plate_t.hpp">
      <Filter>Source Files\components\machinery</Filter>
    </ClInclude>
    <ClInclude Include="..\src\components\machinery\proximity_sensor_t.hpp">
      <Filter>Source Files\components\machinery</Filter>
    </ClInclude>
    <ClInclude Include="..\src\components\machinery\receives_signal.hpp">
      <Filter>Source Files\components\machinery</Filter>
    </ClInclude>
    <ClInclude Include="..\src\components\machinery\sends_signal_t.hpp">
      <Filter>Source Files\components\machinery</Filter>
    </ClInclude>
    <ClInclude Include="..\src\components\machinery\signal_processor_t.hpp">
      <Filter>Source Files\components\machinery</Filter>
    </ClInclude>
    <ClInclude Include="..\src\components\mining\designated_miner.hpp">
      <Filter>Source Files\components\mining</Filter>
    </ClInclude>
    <ClInclude Include="..\src\components\mining\mining_designations.hpp">
      <Filter>Source Files\components\mining</Filter>
    </ClInclude>
    <ClInclude Include="..\src\global_assets\game_ecs.hpp">
      <Filter>Source Files\global_assets</Filter>
    </ClInclude>
    <ClInclude Include="..\src\bengine\ecs.hpp">
      <Filter>Source Files\bengine</Filter>
    </ClInclude>
    <ClInclude Include="..\src\bengine\ecs_helper.hpp">
      <Filter>Source Files\bengine</Filter>
    </ClInclude>
    <ClInclude Include="..\src\systems\helpers\pathfinding.hpp">
      <Filter>Source Files\systems\helpers</Filter>
    </ClInclude>
    <ClInclude Include="..\src\bengine\geometry.hpp">
      <Filter>Source Files\bengine</Filter>
    </ClInclude>
    <ClInclude Include="..\src\global_assets\spatial_db.hpp">
      <Filter>Source Files\global_assets</Filter>
    </ClInclude>
    <ClInclude Include="..\src\bengine\octree.hpp">
      <Filter>Source Files\bengine</Filter>
    </ClInclude>
    <ClInclude Include="..\src\systems\helpers\targeted_flow_map.hpp">
      <Filter>Source Files\systems\helpers</Filter>
    </ClInclude>
    <ClInclude Include="..\src\systems\ai\distance_map_system.hpp">
      <Filter>Source Files\systems\ai</Filter>
    </ClInclude>
    <ClInclude Include="..\src\systems\helpers\dijkstra_map.hpp">
      <Filter>Source Files\systems\helpers</Filter>
    </ClInclude>
    <ClInclude Include="..\src\global_assets\game_pause.hpp">
      <Filter>Source Files\global_assets</Filter>
    </ClInclude>
    <ClInclude Include="..\src\utils\format.h">
      <Filter>Source Files\utils</Filter>
    </ClInclude>
    <ClInclude Include="..\src\utils\format-inl.h">
      <Filter>Source Files\utils</Filter>
    </ClInclude>
    <ClInclude Include="..\src\utils\core.h">
      <Filter>Source Files\utils</Filter>
    </ClInclude>
    <ClInclude Include="..\src\utils\ostream.h">
      <Filter>Source Files\utils</Filter>
    </ClInclude>
    <ClInclude Include="..\src\global_assets\architecture_designations.hpp">
      <Filter>Source Files\global_assets</Filter>
    </ClInclude>
    <ClInclude Include="..\src\global_assets\building_designations.hpp">
      <Filter>Source Files\global_assets</Filter>
    </ClInclude>
    <ClInclude Include="..\src\global_assets\farming_designations.hpp">
      <Filter>Source Files\global_assets</Filter>
    </ClInclude>
    <ClInclude Include="..\src\global_assets\game_building.hpp">
      <Filter>Source Files\global_assets</Filter>
    </ClInclude>
    <ClInclude Include="..\src\global_assets\game_calendar.hpp">
      <Filter>Source Files\global_assets</Filter>
    </ClInclude>
    <ClInclude Include="..\src\global_assets\game_camera.hpp">
      <Filter>Source Files\global_assets</Filter>
    </ClInclude>
    <ClInclude Include="..\src\global_assets\game_config.hpp">
      <Filter>Source Files\global_assets</Filter>
    </ClInclude>
    <ClInclude Include="..\src\global_assets\game_designations.hpp">
      <Filter>Source Files\global_assets</Filter>
    </ClInclude>
    <ClInclude Include="..\src\global_assets\game_mining.hpp">
      <Filter>Source Files\global_assets</Filter>
    </ClInclude>
    <ClInclude Include="..\src\global_assets\game_mode.hpp">
      <Filter>Source Files\global_assets</Filter>
    </ClInclude>
    <ClInclude Include="..\src\bengine\string_utils.hpp">
      <Filter>Source Files\bengine</Filter>
    </ClInclude>
    <ClInclude Include="..\src\planet\region\region_chunking.hpp">
      <Filter>Source Files\planet\region</Filter>
    </ClInclude>
    <ClInclude Include="..\src\noxtypes.h">
      <Filter>Source Files</Filter>
    </ClInclude>
    <ClInclude Include="..\src\planet\region\renderables.hpp">
      <Filter>Source Files\planet\region</Filter>
    </ClInclude>
    <ClInclude Include="..\src\planet\region\lighting.hpp">
      <Filter>Source Files\planet\region</Filter>
    </ClInclude>
    <ClInclude Include="..\src\systems\run_systems.hpp">
      <Filter>Source Files\systems</Filter>
    </ClInclude>
    <ClInclude Include="..\src\systems\scheduler\tick_system.hpp">
      <Filter>Source Files\systems\scheduler</Filter>
    </ClInclude>
    <ClInclude Include="..\src\systems\scheduler\calendar_system.hpp">
      <Filter>Source Files\systems\scheduler</Filter>
    </ClInclude>
    <ClInclude Include="..\src\components\calendar.hpp">
      <Filter>Source Files\components</Filter>
    </ClInclude>
    <ClInclude Include="..\src\systems\scheduler\hunger_system.hpp">
      <Filter>Source Files\systems\scheduler</Filter>
    </ClInclude>
    <ClInclude Include="..\src\systems\ai\wildlife_population.hpp">
      <Filter>Source Files\systems\ai</Filter>
    </ClInclude>
    <ClInclude Include="..\src\systems\physics\door_system.hpp">
      <Filter>Source Files\systems\physics</Filter>
    </ClInclude>
    <ClInclude Include="..\src\systems\physics\explosive_system.hpp">
      <Filter>Source Files\systems\physics</Filter>
    </ClInclude>
    <ClInclude Include="..\src\systems\physics\gravity_system.hpp">
      <Filter>Source Files\systems\physics</Filter>
    </ClInclude>
    <ClInclude Include="..\src\systems\physics\topology_system.hpp">
      <Filter>Source Files\systems\physics</Filter>
    </ClInclude>
    <ClInclude Include="..\src\utils\thread_safe_message_queue.hpp">
      <Filter>Source Files\utils</Filter>
    </ClInclude>
    <ClInclude Include="..\src\systems\damage\creature_attacks_system.hpp">
      <Filter>Source Files\systems\damage</Filter>
    </ClInclude>
    <ClInclude Include="..\src\systems\damage\damage_system.hpp">
      <Filter>Source Files\systems\damage</Filter>
    </ClInclude>
    <ClInclude Include="..\src\systems\damage\healing_system.hpp">
      <Filter>Source Files\systems\damage</Filter>
    </ClInclude>
    <ClInclude Include="..\src\systems\damage\kill_system.hpp">
      <Filter>Source Files\systems\damage</Filter>
    </ClInclude>
    <ClInclude Include="..\src\systems\damage\sentient_attacks_system.hpp">
      <Filter>Source Files\systems\damage</Filter>
    </ClInclude>
    <ClInclude Include="..\src\systems\damage\settler_melee_attacks_system.hpp">
      <Filter>Source Files\systems\damage</Filter>
    </ClInclude>
    <ClInclude Include="..\src\systems\damage\settler_ranged_attack_system.hpp">
      <Filter>Source Files\systems\damage</Filter>
    </ClInclude>
    <ClInclude Include="..\src\systems\damage\turret_ranged_attack_system.hpp">
      <Filter>Source Files\systems\damage</Filter>
    </ClInclude>
    <ClInclude Include="..\src\systems\helpers\inventory_assistant.hpp">
      <Filter>Source Files\systems\helpers</Filter>
    </ClInclude>
    <ClInclude Include="..\src\systems\helpers\weapons_helper.hpp">
      <Filter>Source Files\systems\helpers</Filter>
    </ClInclude>
    <ClInclude Include="..\src\systems\helpers\workflow_assistant.hpp">
      <Filter>Source Files\systems\helpers</Filter>
    </ClInclude>
    <ClInclude Include="..\src\systems\ai\settler\ai_deconstruct.hpp">
      <Filter>Source Files\systems\ai\settler</Filter>
    </ClInclude>
    <ClInclude Include="..\src\systems\ai\settler\ai_idle_time.hpp">
      <Filter>Source Files\systems\ai\settler</Filter>
    </ClInclude>
    <ClInclude Include="..\src\systems\ai\settler\ai_leisure_drink.hpp">
      <Filter>Source Files\systems\ai\settler</Filter>
    </ClInclude>
    <ClInclude Include="..\src\systems\ai\settler\ai_leisure_eat.hpp">
      <Filter>Source Files\systems\ai\settler</Filter>
    </ClInclude>
    <ClInclude Include="..\src\systems\ai\settler\ai_leisure_time.hpp">
      <Filter>Source Files\systems\ai\settler</Filter>
    </ClInclude>
    <ClInclude Include="..\src\systems\ai\settler\ai_new_arrival.hpp">
      <Filter>Source Files\systems\ai\settler</Filter>
    </ClInclude>
    <ClInclude Include="..\src\systems\ai\settler\ai_scheduler.hpp">
      <Filter>Source Files\systems\ai\settler</Filter>
    </ClInclude>
    <ClInclude Include="..\src\systems\ai\settler\ai_sleep_time.hpp">
      <Filter>Source Files\systems\ai\settler</Filter>
    </ClInclude>
    <ClInclude Include="..\src\systems\ai\settler\ai_visibility_scan.hpp">
      <Filter>Source Files\systems\ai\settler</Filter>
    </ClInclude>
    <ClInclude Include="..\src\systems\ai\settler\ai_work_architect.hpp">
      <Filter>Source Files\systems\ai\settler</Filter>
    </ClInclude>
    <ClInclude Include="..\src\systems\ai\settler\ai_work_building.hpp">
      <Filter>Source Files\systems\ai\settler</Filter>
    </ClInclude>
    <ClInclude Include="..\src\systems\ai\settler\ai_work_butcher.hpp">
      <Filter>Source Files\systems\ai\settler</Filter>
    </ClInclude>
    <ClInclude Include="..\src\systems\ai\settler\ai_work_farm_clear.hpp">
      <Filter>Source Files\systems\ai\settler</Filter>
    </ClInclude>
    <ClInclude Include="..\src\systems\ai\settler\ai_work_farm_fertilize.hpp">
      <Filter>Source Files\systems\ai\settler</Filter>
    </ClInclude>
    <ClInclude Include="..\src\systems\ai\settler\ai_work_farm_fixsoil.hpp">
      <Filter>Source Files\systems\ai\settler</Filter>
    </ClInclude>
    <ClInclude Include="..\src\systems\ai\settler\ai_work_farm_plant.hpp">
      <Filter>Source Files\systems\ai\settler</Filter>
    </ClInclude>
    <ClInclude Include="..\src\systems\ai\settler\ai_work_farm_water.hpp">
      <Filter>Source Files\systems\ai\settler</Filter>
    </ClInclude>
    <ClInclude Include="..\src\systems\ai\settler\ai_work_farm_weed.hpp">
      <Filter>Source Files\systems\ai\settler</Filter>
    </ClInclude>
    <ClInclude Include="..\src\systems\ai\settler\ai_work_guard.hpp">
      <Filter>Source Files\systems\ai\settler</Filter>
    </ClInclude>
    <ClInclude Include="..\src\systems\ai\settler\ai_work_harvest.hpp">
      <Filter>Source Files\systems\ai\settler</Filter>
    </ClInclude>
    <ClInclude Include="..\src\systems\ai\settler\ai_work_hunt.hpp">
      <Filter>Source Files\systems\ai\settler</Filter>
    </ClInclude>
    <ClInclude Include="..\src\systems\ai\settler\ai_work_lever_pull.hpp">
      <Filter>Source Files\systems\ai\settler</Filter>
    </ClInclude>
    <ClInclude Include="..\src\systems\ai\settler\ai_work_lumberjack.hpp">
      <Filter>Source Files\systems\ai\settler</Filter>
    </ClInclude>
    <ClInclude Include="..\src\systems\ai\settler\ai_work_mining.hpp">
      <Filter>Source Files\systems\ai\settler</Filter>
    </ClInclude>
    <ClInclude Include="..\src\systems\ai\settler\ai_work_order.hpp">
      <Filter>Source Files\systems\ai\settler</Filter>
    </ClInclude>
    <ClInclude Include="..\src\systems\ai\settler\ai_work_stockpile.hpp">
      <Filter>Source Files\systems\ai\settler</Filter>
    </ClInclude>
    <ClInclude Include="..\src\systems\ai\settler\ai_work_template.hpp">
      <Filter>Source Files\systems\ai\settler</Filter>
    </ClInclude>
    <ClInclude Include="..\src\systems\ai\settler\ai_work_time.hpp">
      <Filter>Source Files\systems\ai\settler</Filter>
    </ClInclude>
    <ClInclude Include="..\src\systems\ai\settler\jobs_board.hpp">
      <Filter>Source Files\systems\ai\settler</Filter>
    </ClInclude>
    <ClInclude Include="..\src\systems\ai\settler\templated_idle_steps_t.hpp">
      <Filter>Source Files\systems\ai\settler</Filter>
    </ClInclude>
    <ClInclude Include="..\src\systems\ai\settler\templated_work_steps_t.hpp">
      <Filter>Source Files\systems\ai\settler</Filter>
    </ClInclude>
    <ClInclude Include="..\src\systems\ai\ai_status_effects.hpp">
      <Filter>Source Files\systems\ai</Filter>
    </ClInclude>
    <ClInclude Include="..\src\systems\ai\ai_stuck.hpp">
      <Filter>Source Files\systems\ai</Filter>
    </ClInclude>
    <ClInclude Include="..\src\systems\ai\architecture_system.hpp">
      <Filter>Source Files\systems\ai</Filter>
    </ClInclude>
    <ClInclude Include="..\src\systems\ai\inventory_system.hpp">
      <Filter>Source Files\systems\ai</Filter>
    </ClInclude>
    <ClInclude Include="..\src\systems\ai\mining_system.hpp">
      <Filter>Source Files\systems\ai</Filter>
    </ClInclude>
    <ClInclude Include="..\src\systems\ai\sentient_ai_system.hpp">
      <Filter>Source Files\systems\ai</Filter>
    </ClInclude>
    <ClInclude Include="..\src\systems\ai\stockpile_system.hpp">
      <Filter>Source Files\systems\ai</Filter>
    </ClInclude>
    <ClInclude Include="..\src\systems\ai\workflow_system.hpp">
      <Filter>Source Files\systems\ai</Filter>
    </ClInclude>
    <ClInclude Include="..\src\systems\overworld\settler_spawner_system.hpp">
      <Filter>Source Files\systems\overworld</Filter>
    </ClInclude>
    <ClInclude Include="..\src\systems\overworld\world_system.hpp">
      <Filter>Source Files\systems\overworld</Filter>
    </ClInclude>
    <ClInclude Include="..\src\systems\physics\item_wear_system.hpp">
      <Filter>Source Files\systems\physics</Filter>
    </ClInclude>
    <ClInclude Include="..\src\systems\physics\movement_system.hpp">
      <Filter>Source Files\systems\physics</Filter>
    </ClInclude>
    <ClInclude Include="..\src\systems\physics\trigger_system.hpp">
      <Filter>Source Files\systems\physics</Filter>
    </ClInclude>
    <ClInclude Include="..\src\systems\physics\vegetation_system.hpp">
      <Filter>Source Files\systems\physics</Filter>
    </ClInclude>
    <ClInclude Include="..\src\systems\physics\visibility_system.hpp">
      <Filter>Source Files\systems\physics</Filter>
    </ClInclude>
    <ClInclude Include="..\src\systems\power\power_system.hpp">
      <Filter>Source Files\systems\power</Filter>
    </ClInclude>
    <ClInclude Include="..\src\systems\scheduler\corpse_system.hpp">
      <Filter>Source Files\systems\scheduler</Filter>
    </ClInclude>
    <ClInclude Include="..\src\systems\scheduler\initiative_system.hpp">
      <Filter>Source Files\systems\scheduler</Filter>
    </ClInclude>
    <ClInclude Include="..\src\planet\planet_builder.hpp">
      <Filter>Source Files\planet</Filter>
    </ClInclude>
    <ClInclude Include="..\src\planet\builder\biome_builder.hpp">
      <Filter>Source Files\planet\builder</Filter>
    </ClInclude>
    <ClInclude Include="..\src\planet\builder\history_builder.hpp">
      <Filter>Source Files\planet\builder</Filter>
    </ClInclude>
    <ClInclude Include="..\src\planet\builder\map_builder.hpp">
      <Filter>Source Files\planet\builder</Filter>
    </ClInclude>
    <ClInclude Include="..\src\planet\builder\noise_helper.hpp">
      <Filter>Source Files\planet\builder</Filter>
    </ClInclude>
    <ClInclude Include="..\src\planet\builder\region_builder.hpp">
      <Filter>Source Files\planet\builder</Filter>
    </ClInclude>
    <ClInclude Include="..\src\planet\builder\river_builder.hpp">
      <Filter>Source Files\planet\builder</Filter>
    </ClInclude>
    <ClInclude Include="..\src\planet\builder\sentient_builder.hpp">
      <Filter>Source Files\planet\builder</Filter>
    </ClInclude>
    <ClInclude Include="..\src\planet\builder\settler_builder.hpp">
      <Filter>Source Files\planet\builder</Filter>
    </ClInclude>
    <ClInclude Include="..\src\planet\builder\regions\blight_builder.hpp">
      <Filter>Source Files\planet\builder\regions</Filter>
    </ClInclude>
    <ClInclude Include="..\src\planet\builder\regions\buildings.hpp">
      <Filter>Source Files\planet\builder\regions</Filter>
    </ClInclude>
    <ClInclude Include="..\src\planet\builder\regions\decorators.hpp">
      <Filter>Source Files\planet\builder\regions</Filter>
    </ClInclude>
    <ClInclude Include="..\src\planet\builder\regions\game_objects.hpp">
      <Filter>Source Files\planet\builder\regions</Filter>
    </ClInclude>
    <ClInclude Include="..\src\planet\builder\regions\heightmap.hpp">
      <Filter>Source Files\planet\builder\regions</Filter>
    </ClInclude>
    <ClInclude Include="..\src\planet\builder\regions\starting_point.hpp">
      <Filter>Source Files\planet\builder\regions</Filter>
    </ClInclude>
    <ClInclude Include="..\src\planet\builder\regions\strata.hpp">
      <Filter>Source Files\planet\builder\regions</Filter>
    </ClInclude>
    <ClInclude Include="..\src\planet\builder\regions\trees.hpp">
      <Filter>Source Files\planet\builder\regions</Filter>
    </ClInclude>
    <ClInclude Include="..\src\planet\builder\regions\water_features.hpp">
      <Filter>Source Files\planet\builder\regions</Filter>
    </ClInclude>
    <ClInclude Include="..\src\bengine\FastNoise.h">
      <Filter>Source Files\bengine</Filter>
    </ClInclude>
    <ClInclude Include="..\src\components\all_components.hpp">
      <Filter>Source Files\components</Filter>
    </ClInclude>
    <ClInclude Include="..\src\components\camera_options.hpp">
      <Filter>Source Files\components</Filter>
    </ClInclude>
    <ClInclude Include="..\src\components\claimed_t.hpp">
      <Filter>Source Files\components</Filter>
    </ClInclude>
    <ClInclude Include="..\src\components\corpse_harvestable.hpp">
      <Filter>Source Files\components</Filter>
    </ClInclude>
    <ClInclude Include="..\src\components\corpse_settler.hpp">
      <Filter>Source Files\components</Filter>
    </ClInclude>
    <ClInclude Include="..\src\components\designated_lumberjack.hpp">
      <Filter>Source Files\components</Filter>
    </ClInclude>
    <ClInclude Include="..\src\components\designations.hpp">
      <Filter>Source Files\components</Filter>
    </ClInclude>
    <ClInclude Include="..\src\components\explosion_t.hpp">
      <Filter>Source Files\components</Filter>
    </ClInclude>
    <ClInclude Include="..\src\components\falling.hpp">
      <Filter>Source Files\components</Filter>
    </ClInclude>
    <ClInclude Include="..\src\components\flying_t.hpp">
      <Filter>Source Files\components</Filter>
    </ClInclude>
    <ClInclude Include="..\src\components\game_stats.hpp">
      <Filter>Source Files\components</Filter>
    </ClInclude>
    <ClInclude Include="..\src\components\grazer_ai.hpp">
      <Filter>Source Files\components</Filter>
    </ClInclude>
    <ClInclude Include="..\src\components\hunger_t.hpp">
      <Filter>Source Files\components</Filter>
    </ClInclude>
    <ClInclude Include="..\src\components\initiative.hpp">
      <Filter>Source Files\components</Filter>
    </ClInclude>
    <ClInclude Include="..\src\components\lightsource.hpp">
      <Filter>Source Files\components</Filter>
    </ClInclude>
    <ClInclude Include="..\src\components\logger.hpp">
      <Filter>Source Files\components</Filter>
    </ClInclude>
    <ClInclude Include="..\src\components\name.hpp">
      <Filter>Source Files\components</Filter>
    </ClInclude>
    <ClInclude Include="..\src\components\natural_attacks_t.hpp">
      <Filter>Source Files\components</Filter>
    </ClInclude>
    <ClInclude Include="..\src\components\renderable.hpp">
      <Filter>Source Files\components</Filter>
    </ClInclude>
    <ClInclude Include="..\src\components\renderable_composite.hpp">
      <Filter>Source Files\components</Filter>
    </ClInclude>
    <ClInclude Include="..\src\components\riding_t.hpp">
      <Filter>Source Files\components</Filter>
    </ClInclude>
    <ClInclude Include="..\src\components\sentient_ai.hpp">
      <Filter>Source Files\components</Filter>
    </ClInclude>
    <ClInclude Include="..\src\components\settler_ai.hpp">
      <Filter>Source Files\components</Filter>
    </ClInclude>
    <ClInclude Include="..\src\components\sleep_clock_t.hpp">
      <Filter>Source Files\components</Filter>
    </ClInclude>
    <ClInclude Include="..\src\components\slidemove.hpp">
      <Filter>Source Files\components</Filter>
    </ClInclude>
    <ClInclude Include="..\src\components\stockpile.hpp">
      <Filter>Source Files\components</Filter>
    </ClInclude>
    <ClInclude Include="..\src\components\thirst_t.hpp">
      <Filter>Source Files\components</Filter>
    </ClInclude>
    <ClInclude Include="..\src\components\viewshed.hpp">
      <Filter>Source Files\components</Filter>
    </ClInclude>
    <ClInclude Include="..\src\components\water_spawner.hpp">
      <Filter>Source Files\components</Filter>
    </ClInclude>
    <ClInclude Include="..\src\components\wildlife_group.hpp">
      <Filter>Source Files\components</Filter>
    </ClInclude>
    <ClInclude Include="..\src\components\world_position.hpp">
      <Filter>Source Files\components</Filter>
    </ClInclude>
    <ClInclude Include="..\src\noxconsts.h">
      <Filter>Source Files</Filter>
    </ClInclude>
    <ClInclude Include="..\src\libnox-render.hpp">
      <Filter>Source Files</Filter>
    </ClInclude>
    <ClInclude Include="..\src\nox_impl_helpers.hpp">
      <Filter>Source Files</Filter>
    </ClInclude>
  </ItemGroup>
  <ItemGroup>
    <ClCompile Include="..\src\libnox.cpp">
      <Filter>Source Files</Filter>
    </ClCompile>
    <ClCompile Include="..\src\planet\planet.cpp">
      <Filter>Source Files\planet</Filter>
    </ClCompile>
    <ClCompile Include="..\src\bengine\filesystem.cpp">
      <Filter>Source Files\bengine</Filter>
    </ClCompile>
    <ClCompile Include="..\src\components\species.cpp">
      <Filter>Source Files\components</Filter>
    </ClCompile>
    <ClCompile Include="..\src\global_assets\game_planet.cpp">
      <Filter>Source Files\global_assets</Filter>
    </ClCompile>
    <ClCompile Include="..\src\planet\region\region.cpp">
      <Filter>Source Files\planet\region</Filter>
    </ClCompile>
    <ClCompile Include="..\src\raws\biomes.cpp">
      <Filter>Source Files\raws</Filter>
    </ClCompile>
    <ClCompile Include="..\src\raws\buildings_raw.cpp">
      <Filter>Source Files\raws</Filter>
    </ClCompile>
    <ClCompile Include="..\src\raws\clothing.cpp">
      <Filter>Source Files\raws</Filter>
    </ClCompile>
    <ClCompile Include="..\src\raws\creatures.cpp">
      <Filter>Source Files\raws</Filter>
    </ClCompile>
    <ClCompile Include="..\src\raws\health_factory.cpp">
      <Filter>Source Files\raws</Filter>
    </ClCompile>
    <ClCompile Include="..\src\raws\items.cpp">
      <Filter>Source Files\raws</Filter>
    </ClCompile>
    <ClCompile Include="..\src\raws\life_events.cpp">
      <Filter>Source Files\raws</Filter>
    </ClCompile>
    <ClCompile Include="..\src\raws\lua_bridge.cpp">
      <Filter>Source Files\raws</Filter>
    </ClCompile>
    <ClCompile Include="..\src\raws\materials.cpp">
      <Filter>Source Files\raws</Filter>
    </ClCompile>
    <ClCompile Include="..\src\raws\plants.cpp">
      <Filter>Source Files\raws</Filter>
    </ClCompile>
    <ClCompile Include="..\src\raws\profession.cpp">
      <Filter>Source Files\raws</Filter>
    </ClCompile>
    <ClCompile Include="..\src\raws\raws.cpp">
      <Filter>Source Files\raws</Filter>
    </ClCompile>
    <ClCompile Include="..\src\raws\reactions.cpp">
      <Filter>Source Files\raws</Filter>
    </ClCompile>
    <ClCompile Include="..\src\raws\species_raw.cpp">
      <Filter>Source Files\raws</Filter>
    </ClCompile>
    <ClCompile Include="..\src\raws\string_table.cpp">
      <Filter>Source Files\raws</Filter>
    </ClCompile>
    <ClCompile Include="..\src\bengine\rexspeeder.cpp">
      <Filter>Source Files\bengine</Filter>
    </ClCompile>
    <ClCompile Include="..\src\bengine\random_number_generator.cpp">
      <Filter>Source Files\bengine</Filter>
    </ClCompile>
    <ClCompile Include="..\src\bengine\pcg_basic.cpp">
      <Filter>Source Files\bengine</Filter>
    </ClCompile>
    <ClCompile Include="..\src\global_assets\rng.cpp">
      <Filter>Source Files\global_assets</Filter>
    </ClCompile>
    <ClCompile Include="..\src\utils\system_log.cpp">
      <Filter>Source Files\utils</Filter>
    </ClCompile>
    <ClCompile Include="..\src\components\items\item.cpp">
      <Filter>Source Files\components\items</Filter>
    </ClCompile>
    <ClCompile Include="..\src\global_assets\game_ecs.cpp">
      <Filter>Source Files\global_assets</Filter>
    </ClCompile>
    <ClCompile Include="..\src\systems\helpers\pathfinding.cpp">
      <Filter>Source Files\systems\helpers</Filter>
    </ClCompile>
    <ClCompile Include="..\src\bengine\geometry.cpp">
      <Filter>Source Files\bengine</Filter>
    </ClCompile>
    <ClCompile Include="..\src\global_assets\spatial_db.cpp">
      <Filter>Source Files\global_assets</Filter>
    </ClCompile>
    <ClCompile Include="..\src\bengine\octree.cpp">
      <Filter>Source Files\bengine</Filter>
    </ClCompile>
    <ClCompile Include="..\src\systems\ai\distance_map_system.cpp">
      <Filter>Source Files\systems\ai</Filter>
    </ClCompile>
    <ClCompile Include="..\src\systems\helpers\dijkstra_map.cpp">
      <Filter>Source Files\systems\helpers</Filter>
    </ClCompile>
    <ClCompile Include="..\src\global_assets\game_pause.cpp">
      <Filter>Source Files\global_assets</Filter>
    </ClCompile>
    <ClCompile Include="..\src\global_assets\architecture_designations.cpp">
      <Filter>Source Files\global_assets</Filter>
    </ClCompile>
    <ClCompile Include="..\src\global_assets\building_designations.cpp">
      <Filter>Source Files\global_assets</Filter>
    </ClCompile>
    <ClCompile Include="..\src\global_assets\farming_designations.cpp">
      <Filter>Source Files\global_assets</Filter>
    </ClCompile>
    <ClCompile Include="..\src\global_assets\game_building.cpp">
      <Filter>Source Files\global_assets</Filter>
    </ClCompile>
    <ClCompile Include="..\src\global_assets\game_calendar.cpp">
      <Filter>Source Files\global_assets</Filter>
    </ClCompile>
    <ClCompile Include="..\src\global_assets\game_camera.cpp">
      <Filter>Source Files\global_assets</Filter>
    </ClCompile>
    <ClCompile Include="..\src\global_assets\game_config.cpp">
      <Filter>Source Files\global_assets</Filter>
    </ClCompile>
    <ClCompile Include="..\src\global_assets\game_designations.cpp">
      <Filter>Source Files\global_assets</Filter>
    </ClCompile>
    <ClCompile Include="..\src\global_assets\game_mining.cpp">
      <Filter>Source Files\global_assets</Filter>
    </ClCompile>
    <ClCompile Include="..\src\global_assets\game_mode.cpp">
      <Filter>Source Files\global_assets</Filter>
    </ClCompile>
    <ClCompile Include="..\src\bengine\string_utils.cpp">
      <Filter>Source Files\bengine</Filter>
    </ClCompile>
    <ClCompile Include="..\src\planet\region\region_chunking.cpp">
      <Filter>Source Files\planet\region</Filter>
    </ClCompile>
    <ClCompile Include="..\src\planet\region\renderables.cpp">
      <Filter>Source Files\planet\region</Filter>
    </ClCompile>
    <ClCompile Include="..\src\planet\region\lighting.cpp">
      <Filter>Source Files\planet\region</Filter>
    </ClCompile>
    <ClCompile Include="..\src\systems\run_systems.cpp">
      <Filter>Source Files\systems</Filter>
    </ClCompile>
    <ClCompile Include="..\src\systems\scheduler\tick_system.cpp">
      <Filter>Source Files\systems\scheduler</Filter>
    </ClCompile>
    <ClCompile Include="..\src\systems\scheduler\calendar_system.cpp">
      <Filter>Source Files\systems\scheduler</Filter>
    </ClCompile>
    <ClCompile Include="..\src\components\calendar.cpp">
      <Filter>Source Files\components</Filter>
    </ClCompile>
    <ClCompile Include="..\src\systems\scheduler\hunger_system.cpp">
      <Filter>Source Files\systems\scheduler</Filter>
    </ClCompile>
    <ClCompile Include="..\src\systems\ai\wildlife_population.cpp">
      <Filter>Source Files\systems\ai</Filter>
    </ClCompile>
    <ClCompile Include="..\src\systems\physics\door_system.cpp">
      <Filter>Source Files\systems\physics</Filter>
    </ClCompile>
    <ClCompile Include="..\src\systems\physics\explosive_system.cpp">
      <Filter>Source Files\systems\physics</Filter>
    </ClCompile>
    <ClCompile Include="..\src\systems\physics\gravity_system.cpp">
      <Filter>Source Files\systems\physics</Filter>
    </ClCompile>
    <ClCompile Include="..\src\systems\physics\topology_system.cpp">
      <Filter>Source Files\systems\physics</Filter>
    </ClCompile>
    <ClCompile Include="..\src\systems\damage\creature_attacks_system.cpp">
      <Filter>Source Files\systems\damage</Filter>
    </ClCompile>
    <ClCompile Include="..\src\systems\damage\damage_system.cpp">
      <Filter>Source Files\systems\damage</Filter>
    </ClCompile>
    <ClCompile Include="..\src\systems\damage\healing_system.cpp">
      <Filter>Source Files\systems\damage</Filter>
    </ClCompile>
    <ClCompile Include="..\src\systems\damage\kill_system.cpp">
      <Filter>Source Files\systems\damage</Filter>
    </ClCompile>
    <ClCompile Include="..\src\systems\damage\sentient_attacks_system.cpp">
      <Filter>Source Files\systems\damage</Filter>
    </ClCompile>
    <ClCompile Include="..\src\systems\damage\settler_melee_attacks_system.cpp">
      <Filter>Source Files\systems\damage</Filter>
    </ClCompile>
    <ClCompile Include="..\src\systems\damage\settler_ranged_attack_system.cpp">
      <Filter>Source Files\systems\damage</Filter>
    </ClCompile>
    <ClCompile Include="..\src\systems\damage\turret_ranged_attack_system.cpp">
      <Filter>Source Files\systems\damage</Filter>
    </ClCompile>
    <ClCompile Include="..\src\systems\helpers\inventory_assistant.cpp">
      <Filter>Source Files\systems\helpers</Filter>
    </ClCompile>
    <ClCompile Include="..\src\systems\helpers\weapons_helper.cpp">
      <Filter>Source Files\systems\helpers</Filter>
    </ClCompile>
    <ClCompile Include="..\src\systems\helpers\workflow_assistant.cpp">
      <Filter>Source Files\systems\helpers</Filter>
    </ClCompile>
    <ClCompile Include="..\src\systems\ai\settler\ai_deconstruct.cpp">
      <Filter>Source Files\systems\ai\settler</Filter>
    </ClCompile>
    <ClCompile Include="..\src\systems\ai\settler\ai_idle_time.cpp">
      <Filter>Source Files\systems\ai\settler</Filter>
    </ClCompile>
    <ClCompile Include="..\src\systems\ai\settler\ai_leisure_drink.cpp">
      <Filter>Source Files\systems\ai\settler</Filter>
    </ClCompile>
    <ClCompile Include="..\src\systems\ai\settler\ai_leisure_eat.cpp">
      <Filter>Source Files\systems\ai\settler</Filter>
    </ClCompile>
    <ClCompile Include="..\src\systems\ai\settler\ai_leisure_time.cpp">
      <Filter>Source Files\systems\ai\settler</Filter>
    </ClCompile>
    <ClCompile Include="..\src\systems\ai\settler\ai_new_arrival.cpp">
      <Filter>Source Files\systems\ai\settler</Filter>
    </ClCompile>
    <ClCompile Include="..\src\systems\ai\settler\ai_scheduler.cpp">
      <Filter>Source Files\systems\ai\settler</Filter>
    </ClCompile>
    <ClCompile Include="..\src\systems\ai\settler\ai_sleep_time.cpp">
      <Filter>Source Files\systems\ai\settler</Filter>
    </ClCompile>
    <ClCompile Include="..\src\systems\ai\settler\ai_visibility_scan.cpp">
      <Filter>Source Files\systems\ai\settler</Filter>
    </ClCompile>
    <ClCompile Include="..\src\systems\ai\settler\ai_work_architect.cpp">
      <Filter>Source Files\systems\ai\settler</Filter>
    </ClCompile>
    <ClCompile Include="..\src\systems\ai\settler\ai_work_building.cpp">
      <Filter>Source Files\systems\ai\settler</Filter>
    </ClCompile>
    <ClCompile Include="..\src\systems\ai\settler\ai_work_butcher.cpp">
      <Filter>Source Files\systems\ai\settler</Filter>
    </ClCompile>
    <ClCompile Include="..\src\systems\ai\settler\ai_work_farm_clear.cpp">
      <Filter>Source Files\systems\ai\settler</Filter>
    </ClCompile>
    <ClCompile Include="..\src\systems\ai\settler\ai_work_farm_fertilize.cpp">
      <Filter>Source Files\systems\ai\settler</Filter>
    </ClCompile>
    <ClCompile Include="..\src\systems\ai\settler\ai_work_farm_fixsoil.cpp">
      <Filter>Source Files\systems\ai\settler</Filter>
    </ClCompile>
    <ClCompile Include="..\src\systems\ai\settler\ai_work_farm_plant.cpp">
      <Filter>Source Files\systems\ai\settler</Filter>
    </ClCompile>
    <ClCompile Include="..\src\systems\ai\settler\ai_work_farm_water.cpp">
      <Filter>Source Files\systems\ai\settler</Filter>
    </ClCompile>
    <ClCompile Include="..\src\systems\ai\settler\ai_work_farm_weed.cpp">
      <Filter>Source Files\systems\ai\settler</Filter>
    </ClCompile>
    <ClCompile Include="..\src\systems\ai\settler\ai_work_guard.cpp">
      <Filter>Source Files\systems\ai\settler</Filter>
    </ClCompile>
    <ClCompile Include="..\src\systems\ai\settler\ai_work_harvest.cpp">
      <Filter>Source Files\systems\ai\settler</Filter>
    </ClCompile>
    <ClCompile Include="..\src\systems\ai\settler\ai_work_hunt.cpp">
      <Filter>Source Files\systems\ai\settler</Filter>
    </ClCompile>
    <ClCompile Include="..\src\systems\ai\settler\ai_work_lever_pull.cpp">
      <Filter>Source Files\systems\ai\settler</Filter>
    </ClCompile>
    <ClCompile Include="..\src\systems\ai\settler\ai_work_lumberjack.cpp">
      <Filter>Source Files\systems\ai\settler</Filter>
    </ClCompile>
    <ClCompile Include="..\src\systems\ai\settler\ai_work_mining.cpp">
      <Filter>Source Files\systems\ai\settler</Filter>
    </ClCompile>
    <ClCompile Include="..\src\systems\ai\settler\ai_work_order.cpp">
      <Filter>Source Files\systems\ai\settler</Filter>
    </ClCompile>
    <ClCompile Include="..\src\systems\ai\settler\ai_work_stockpile.cpp">
      <Filter>Source Files\systems\ai\settler</Filter>
    </ClCompile>
    <ClCompile Include="..\src\systems\ai\settler\ai_work_time.cpp">
      <Filter>Source Files\systems\ai\settler</Filter>
    </ClCompile>
    <ClCompile Include="..\src\systems\ai\settler\jobs_board.cpp">
      <Filter>Source Files\systems\ai\settler</Filter>
    </ClCompile>
    <ClCompile Include="..\src\systems\ai\ai_status_effects.cpp">
      <Filter>Source Files\systems\ai</Filter>
    </ClCompile>
    <ClCompile Include="..\src\systems\ai\ai_stuck.cpp">
      <Filter>Source Files\systems\ai</Filter>
    </ClCompile>
    <ClCompile Include="..\src\systems\ai\architecture_system.cpp">
      <Filter>Source Files\systems\ai</Filter>
    </ClCompile>
    <ClCompile Include="..\src\systems\ai\inventory_system.cpp">
      <Filter>Source Files\systems\ai</Filter>
    </ClCompile>
    <ClCompile Include="..\src\systems\ai\mining_system.cpp">
      <Filter>Source Files\systems\ai</Filter>
    </ClCompile>
    <ClCompile Include="..\src\systems\ai\sentient_ai_system.cpp">
      <Filter>Source Files\systems\ai</Filter>
    </ClCompile>
    <ClCompile Include="..\src\systems\ai\stockpile_system.cpp">
      <Filter>Source Files\systems\ai</Filter>
    </ClCompile>
    <ClCompile Include="..\src\systems\ai\workflow_system.cpp">
      <Filter>Source Files\systems\ai</Filter>
    </ClCompile>
    <ClCompile Include="..\src\systems\overworld\settler_spawner_system.cpp">
      <Filter>Source Files\systems\overworld</Filter>
    </ClCompile>
    <ClCompile Include="..\src\systems\overworld\world_system.cpp">
      <Filter>Source Files\systems\overworld</Filter>
    </ClCompile>
    <ClCompile Include="..\src\systems\physics\item_wear_system.cpp">
      <Filter>Source Files\systems\physics</Filter>
    </ClCompile>
    <ClCompile Include="..\src\systems\physics\movement_system.cpp">
      <Filter>Source Files\systems\physics</Filter>
    </ClCompile>
    <ClCompile Include="..\src\systems\physics\trigger_system.cpp">
      <Filter>Source Files\systems\physics</Filter>
    </ClCompile>
    <ClCompile Include="..\src\systems\physics\vegetation_system.cpp">
      <Filter>Source Files\systems\physics</Filter>
    </ClCompile>
    <ClCompile Include="..\src\systems\physics\visibility_system.cpp">
      <Filter>Source Files\systems\physics</Filter>
    </ClCompile>
    <ClCompile Include="..\src\systems\power\power_system.cpp">
      <Filter>Source Files\systems\power</Filter>
    </ClCompile>
    <ClCompile Include="..\src\systems\scheduler\corpse_system.cpp">
      <Filter>Source Files\systems\scheduler</Filter>
    </ClCompile>
    <ClCompile Include="..\src\systems\scheduler\initiative_system.cpp">
      <Filter>Source Files\systems\scheduler</Filter>
    </ClCompile>
    <ClCompile Include="..\src\planet\planet_builder.cpp">
      <Filter>Source Files\planet</Filter>
    </ClCompile>
    <ClCompile Include="..\src\planet\builder\biome_builder.cpp">
      <Filter>Source Files\planet\builder</Filter>
    </ClCompile>
    <ClCompile Include="..\src\planet\builder\history_builder.cpp">
      <Filter>Source Files\planet\builder</Filter>
    </ClCompile>
    <ClCompile Include="..\src\planet\builder\map_builder.cpp">
      <Filter>Source Files\planet\builder</Filter>
    </ClCompile>
    <ClCompile Include="..\src\planet\builder\region_builder.cpp">
      <Filter>Source Files\planet\builder</Filter>
    </ClCompile>
    <ClCompile Include="..\src\planet\builder\river_builder.cpp">
      <Filter>Source Files\planet\builder</Filter>
    </ClCompile>
    <ClCompile Include="..\src\planet\builder\sentient_builder.cpp">
      <Filter>Source Files\planet\builder</Filter>
    </ClCompile>
    <ClCompile Include="..\src\planet\builder\settler_builder.cpp">
      <Filter>Source Files\planet\builder</Filter>
    </ClCompile>
    <ClCompile Include="..\src\planet\builder\regions\blight_builder.cpp">
      <Filter>Source Files\planet\builder\regions</Filter>
    </ClCompile>
    <ClCompile Include="..\src\planet\builder\regions\buildings.cpp">
      <Filter>Source Files\planet\builder\regions</Filter>
    </ClCompile>
    <ClCompile Include="..\src\planet\builder\regions\decorators.cpp">
      <Filter>Source Files\planet\builder\regions</Filter>
    </ClCompile>
    <ClCompile Include="..\src\planet\builder\regions\game_objects.cpp">
      <Filter>Source Files\planet\builder\regions</Filter>
    </ClCompile>
    <ClCompile Include="..\src\planet\builder\regions\heightmap.cpp">
      <Filter>Source Files\planet\builder\regions</Filter>
    </ClCompile>
    <ClCompile Include="..\src\planet\builder\regions\starting_point.cpp">
      <Filter>Source Files\planet\builder\regions</Filter>
    </ClCompile>
    <ClCompile Include="..\src\planet\builder\regions\strata.cpp">
      <Filter>Source Files\planet\builder\regions</Filter>
    </ClCompile>
    <ClCompile Include="..\src\planet\builder\regions\trees.cpp">
      <Filter>Source Files\planet\builder\regions</Filter>
    </ClCompile>
    <ClCompile Include="..\src\planet\builder\regions\water_features.cpp">
      <Filter>Source Files\planet\builder\regions</Filter>
    </ClCompile>
    <ClCompile Include="..\src\bengine\FastNoise.cpp">
      <Filter>Source Files\bengine</Filter>
    </ClCompile>
    <ClCompile Include="..\src\components\game_stats.cpp">
      <Filter>Source Files\components</Filter>
    </ClCompile>
    <ClCompile Include="..\src\components\logger.cpp">
      <Filter>Source Files\components</Filter>
    </ClCompile>
    <ClCompile Include="..\src\libnox-setup.cpp">
      <Filter>Source Files</Filter>
    </ClCompile>
    <ClCompile Include="..\src\libnox-chunks.cpp">
      <Filter>Source Files</Filter>
    </ClCompile>
    <ClCompile Include="..\src\libnox-render.cpp">
      <Filter>Source Files</Filter>
    </ClCompile>
    <ClCompile Include="..\src\libnox-mode.cpp">
      <Filter>Source Files</Filter>
    </ClCompile>
    <ClCompile Include="..\src\libnox-menu.cpp">
      <Filter>Source Files</Filter>
    </ClCompile>
    <ClCompile Include="..\src\libnox-ui.cpp">
      <Filter>Source Files</Filter>
    </ClCompile>
    <ClCompile Include="..\src\libnox-design.cpp">
      <Filter>Source Files</Filter>
    </ClCompile>
  </ItemGroup>
</Project>